{
  "nodes": {
    "nixpkgs": {
      "locked": {
        "lastModified": 1786719841,
        "narHash": "sha256-LGkFiPNiMfZHIXX//qTAMGaaLo+2pvS7MEdInQZR/0s=",
        "rev": "8be7bd0c83f12e2e3bbba07c9044d6fed9e66f7f",
        "type": "tarball",
        "url": "https://releases.nixos.org/nixpkgs/nixpkgs-26.11pre1054271.8be7bd0c83f1/nixexprs.tar.xz"
      },
      "original": {
        "id": "nixpkgs",
        "type": "indirect"
      }
    },
    "root": {
      "inputs": {
        "nixpkgs": "nixpkgs",
        "rust-overlay": "rust-overlay"
      }
    },
    "rust-overlay": {
      "inputs": {
        "nixpkgs": [
          "nixpkgs"
        ]
      },
      "locked": {
        "lastModified": 1787194935,
        "narHash": "sha256-Gt6JpppReMxPGkbPcQhz+1qp+NUUf4oIwzRy+ptJgTk=",
        "owner": "oxalica",
        "repo": "rust-overlay",
        "rev": "cb98e96d632d0010a7e56c098c51729cb179cc75",
        "type": "github"
      },
      "original": {
        "owner": "oxalica",
        "repo": "rust-overlay",
        "type": "github"
      }
    }
  },
  "root": "root",
  "version": 7
}
