{
  "name": "@tiqian/prose",
  "version": "0.1.0-alpha.3",
  "lockfileVersion": 3,
  "requires": true,
  "packages": {
    "": {
      "name": "@tiqian/prose",
      "version": "0.1.0-alpha.3",
      "license": "MPL-2.0",
      "dependencies": {
        "harfbuzzjs": "1.4.0",
        "woff2-encoder": "2.0.0"
      },
      "engines": {
        "node": ">=22"
      }
    },
    "node_modules/harfbuzzjs": {
      "version": "1.4.0",
      "resolved": "https://registry.npmjs.org/harfbuzzjs/-/harfbuzzjs-1.4.0.tgz",
      "integrity": "sha512-3KrygnLb4ESsntxvxZA7RhJy2Ci47GdXWC8fl9HwPHNEOUDXUNv5M+x/TiBkXKjUz6jz/CRJOL2Ksgq8V3UdKw==",
      "license": "MIT"
    },
    "node_modules/woff2-encoder": {
      "version": "2.0.0",
      "resolved": "https://registry.npmjs.org/woff2-encoder/-/woff2-encoder-2.0.0.tgz",
      "integrity": "sha512-wH1rcskczCP5+BJABM88aM3hoEX1VUW6U+Ksx/7bmXvctWGqF+O/YQdC6vWQ7lJS7ny21a0MkAqcZyOP2O8CAg==",
      "license": "MIT",
      "engines": {
        "node": ">= 18.x"
      }
    }
  }
}
